
Microsoft Visual Studio Solution File, Format Version 12.00
# Visual Studio Version 17
VisualStudioVersion = 17.0.32112.339
MinimumVisualStudioVersion = 10.0.40219.1
Project("{9A19103F-16F7-4668-BE54-9A1E7A4F7556}") = "LeaderPivot.BlazorDemo", "LeaderPivot.BlazorDemo\LeaderPivot.BlazorDemo.csproj", "{EB613AE1-C773-400C-8A20-16966947912E}"
EndProject
Project("{2150E333-8FDC-42A3-9474-1A3956D46DE8}") = "Solution Items", "Solution Items", "{F9D86BC1-5898-4CE9-A0C5-8B700279EDC8}"
	ProjectSection(SolutionItems) = preProject
		azure-pipelines.yml = azure-pipelines.yml
		README.md = README.md
	EndProjectSection
EndProject
Global
	GlobalSection(SolutionConfigurationPlatforms) = preSolution
		Debug|Any CPU = Debug|Any CPU
		Release|Any CPU = Release|Any CPU
	EndGlobalSection
	GlobalSection(ProjectConfigurationPlatforms) = postSolution
		{EB613AE1-C773-400C-8A20-16966947912E}.Debug|Any CPU.ActiveCfg = Debug|Any CPU
		{EB613AE1-C773-400C-8A20-16966947912E}.Debug|Any CPU.Build.0 = Debug|Any CPU
		{EB613AE1-C773-400C-8A20-16966947912E}.Release|Any CPU.ActiveCfg = Release|Any CPU
		{EB613AE1-C773-400C-8A20-16966947912E}.Release|Any CPU.Build.0 = Release|Any CPU
	EndGlobalSection
	GlobalSection(SolutionProperties) = preSolution
		HideSolutionNode = FALSE
	EndGlobalSection
	GlobalSection(ExtensibilityGlobals) = postSolution
		SolutionGuid = {5498D3D3-E085-414C-8D40-02627995B67C}
	EndGlobalSection
EndGlobal
