
Microsoft Visual Studio Solution File, Format Version 12.00
# Visual Studio Version 17
VisualStudioVersion = 17.0.32112.339
MinimumVisualStudioVersion = 10.0.40219.1
Project("{2150E333-8FDC-42A3-9474-1A3956D46DE8}") = "Solution Items", "Solution Items", "{F9D86BC1-5898-4CE9-A0C5-8B700279EDC8}"
	ProjectSection(SolutionItems) = preProject
		..\azure-pipelines.yml = ..\azure-pipelines.yml
		..\README.md = ..\README.md
		..\version.json = ..\version.json
	EndProjectSection
EndProject
Project("{9A19103F-16F7-4668-BE54-9A1E7A4F7556}") = "LeaderPivot.BlazorDemo.Server", "LeaderPivot.BlazorDemo.Server\LeaderPivot.BlazorDemo.Server.csproj", "{4A13558E-EE75-4C0B-86E5-7E3788D57940}"
EndProject
Project("{9A19103F-16F7-4668-BE54-9A1E7A4F7556}") = "LeaderPivot.Blazor", "..\..\LeaderPivot.Blazor\LeaderPivot.Blazor\LeaderPivot.Blazor.csproj", "{24BB910D-3EF0-4625-848D-825B100C6415}"
EndProject
Global
	GlobalSection(SolutionConfigurationPlatforms) = preSolution
		Debug|Any CPU = Debug|Any CPU
		Release|Any CPU = Release|Any CPU
	EndGlobalSection
	GlobalSection(ProjectConfigurationPlatforms) = postSolution
		{4A13558E-EE75-4C0B-86E5-7E3788D57940}.Debug|Any CPU.ActiveCfg = Debug|Any CPU
		{4A13558E-EE75-4C0B-86E5-7E3788D57940}.Debug|Any CPU.Build.0 = Debug|Any CPU
		{4A13558E-EE75-4C0B-86E5-7E3788D57940}.Release|Any CPU.ActiveCfg = Release|Any CPU
		{4A13558E-EE75-4C0B-86E5-7E3788D57940}.Release|Any CPU.Build.0 = Release|Any CPU
		{24BB910D-3EF0-4625-848D-825B100C6415}.Debug|Any CPU.ActiveCfg = Debug|Any CPU
		{24BB910D-3EF0-4625-848D-825B100C6415}.Debug|Any CPU.Build.0 = Debug|Any CPU
		{24BB910D-3EF0-4625-848D-825B100C6415}.Release|Any CPU.ActiveCfg = Release|Any CPU
		{24BB910D-3EF0-4625-848D-825B100C6415}.Release|Any CPU.Build.0 = Release|Any CPU
	EndGlobalSection
	GlobalSection(SolutionProperties) = preSolution
		HideSolutionNode = FALSE
	EndGlobalSection
	GlobalSection(ExtensibilityGlobals) = postSolution
		SolutionGuid = {5498D3D3-E085-414C-8D40-02627995B67C}
	EndGlobalSection
EndGlobal
